{
    "_readme": [
        "This file locks the dependencies of your project to a known state",
        "Read more about it at https://getcomposer.org/doc/01-basic-usage.md#installing-dependencies",
        "This file is @generated automatically"
    ],
    "content-hash": "f5c132dbe43fbd7ec0c97fe8c6a95db5",
    "packages": [],
    "packages-dev": [
        {
            "name": "phpstan/phpstan",
            "version": "1.10.3",
            "source": {
                "type": "git",
                "url": "https://github.com/phpstan/phpstan.git",
                "reference": "5419375b5891add97dc74be71e6c1c34baaddf64"
            },
            "dist": {
                "type": "zip",
                "url": "https://api.github.com/repos/phpstan/phpstan/zipball/5419375b5891add97dc74be71e6c1c34baaddf64",
                "reference": "5419375b5891add97dc74be71e6c1c34baaddf64",
                "shasum": ""
            },
            "require": {
                "php": "^7.2|^8.0"
            },
            "conflict": {
                "phpstan/phpstan-shim": "*"
            },
            "bin": [
                "phpstan",
                "phpstan.phar"
            ],
            "type": "library",
            "autoload": {
                "files": [
                    "bootstrap.php"
                ]
            },
            "notification-url": "https://packagist.org/downloads/",
            "license": [
                "MIT"
            ],
            "description": "PHPStan - PHP Static Analysis Tool",
            "keywords": [
                "dev",
                "static analysis"
            ],
            "support": {
                "issues": "https://github.com/phpstan/phpstan/issues",
                "source": "https://github.com/phpstan/phpstan/tree/1.10.3"
            },
            "funding": [
                {
                    "url": "https://github.com/ondrejmirtes",
                    "type": "github"
                },
                {
                    "url": "https://github.com/phpstan",
                    "type": "github"
                },
                {
                    "url": "https://tidelift.com/funding/github/packagist/phpstan/phpstan",
                    "type": "tidelift"
                }
            ],
            "time": "2023-02-25T14:47:13+00:00"
        },
        {
            "name": "rector/rector",
            "version": "0.13.10",
            "source": {
                "type": "git",
                "url": "https://github.com/rectorphp/rector.git",
                "reference": "d1e069db8ad3b4aea2b968248370c21415e4c180"
            },
            "dist": {
                "type": "zip",
                "url": "https://api.github.com/repos/rectorphp/rector/zipball/d1e069db8ad3b4aea2b968248370c21415e4c180",
                "reference": "d1e069db8ad3b4aea2b968248370c21415e4c180",
                "shasum": ""
            },
            "require": {
                "php": "^7.2|^8.0",
                "phpstan/phpstan": "^1.8.2"
            },
            "conflict": {
                "phpstan/phpdoc-parser": "<1.6.2",
                "rector/rector-cakephp": "*",
                "rector/rector-doctrine": "*",
                "rector/rector-laravel": "*",
                "rector/rector-nette": "*",
                "rector/rector-phpoffice": "*",
                "rector/rector-phpunit": "*",
                "rector/rector-prefixed": "*",
                "rector/rector-symfony": "*"
            },
            "bin": [
                "bin/rector"
            ],
            "type": "library",
            "extra": {
                "branch-alias": {
                    "dev-main": "0.13-dev"
                }
            },
            "autoload": {
                "files": [
                    "bootstrap.php"
                ]
            },
            "notification-url": "https://packagist.org/downloads/",
            "license": [
                "MIT"
            ],
            "description": "Instant Upgrade and Automated Refactoring of any PHP code",
            "support": {
                "issues": "https://github.com/rectorphp/rector/issues",
                "source": "https://github.com/rectorphp/rector/tree/0.13.10"
            },
            "funding": [
                {
                    "url": "https://github.com/tomasvotruba",
                    "type": "github"
                }
            ],
            "time": "2022-08-03T12:48:10+00:00"
        },
        {
            "name": "symplify/easy-coding-standard",
            "version": "11.2.10",
            "source": {
                "type": "git",
                "url": "https://github.com/easy-coding-standard/easy-coding-standard.git",
                "reference": "5fc343df9b86e154516ddf506f7fe0b421d7d5ef"
            },
            "dist": {
                "type": "zip",
                "url": "https://api.github.com/repos/easy-coding-standard/easy-coding-standard/zipball/5fc343df9b86e154516ddf506f7fe0b421d7d5ef",
                "reference": "5fc343df9b86e154516ddf506f7fe0b421d7d5ef",
                "shasum": ""
            },
            "require": {
                "php": ">=7.2"
            },
            "conflict": {
                "friendsofphp/php-cs-fixer": "<3.0",
                "squizlabs/php_codesniffer": "<3.6"
            },
            "bin": [
                "bin/ecs"
            ],
            "type": "library",
            "autoload": {
                "files": [
                    "bootstrap.php"
                ]
            },
            "notification-url": "https://packagist.org/downloads/",
            "license": [
                "MIT"
            ],
            "description": "Use Coding Standard with 0-knowledge of PHP-CS-Fixer and PHP_CodeSniffer",
            "support": {
                "issues": "https://github.com/easy-coding-standard/easy-coding-standard/issues",
                "source": "https://github.com/easy-coding-standard/easy-coding-standard/tree/11.2.10"
            },
            "funding": [
                {
                    "url": "https://www.paypal.me/rectorphp",
                    "type": "custom"
                },
                {
                    "url": "https://github.com/tomasvotruba",
                    "type": "github"
                }
            ],
            "time": "2023-02-27T10:00:30+00:00"
        }
    ],
    "aliases": [],
    "minimum-stability": "stable",
    "stability-flags": [],
    "prefer-stable": false,
    "prefer-lowest": false,
    "platform": [],
    "platform-dev": {
        "php": "^8.0"
    },
    "plugin-api-version": "2.3.0"
}
